
Microsoft Visual Studio Solution File, Format Version 12.00
# Visual Studio Version 16
VisualStudioVersion = 16.0.29424.173
MinimumVisualStudioVersion = 10.0.40219.1
Project("{FAE04EC0-301F-11D3-BF4B-00C04F79EFBC}") = "DemoWebAPIModelValidationResponse", "DemoWebAPIModelValidationResponse\DemoWebAPIModelValidationResponse.csproj", "{52A23059-92B0-4557-9731-34C9A41F2CB5}"
EndProject
Global
	GlobalSection(SolutionConfigurationPlatforms) = preSolution
		Debug|Any CPU = Debug|Any CPU
		Release|Any CPU = Release|Any CPU
	EndGlobalSection
	GlobalSection(ProjectConfigurationPlatforms) = postSolution
		{52A23059-92B0-4557-9731-34C9A41F2CB5}.Debug|Any CPU.ActiveCfg = Debug|Any CPU
		{52A23059-92B0-4557-9731-34C9A41F2CB5}.Debug|Any CPU.Build.0 = Debug|Any CPU
		{52A23059-92B0-4557-9731-34C9A41F2CB5}.Release|Any CPU.ActiveCfg = Release|Any CPU
		{52A23059-92B0-4557-9731-34C9A41F2CB5}.Release|Any CPU.Build.0 = Release|Any CPU
	EndGlobalSection
	GlobalSection(SolutionProperties) = preSolution
		HideSolutionNode = FALSE
	EndGlobalSection
	GlobalSection(ExtensibilityGlobals) = postSolution
		SolutionGuid = {D05F43F1-61F7-48C5-93BE-D66644968FA5}
	EndGlobalSection
EndGlobal
